
Microsoft Visual Studio Solution File, Format Version 12.00
# Visual Studio 15
VisualStudioVersion = 15.0.27428.2011
MinimumVisualStudioVersion = 10.0.40219.1
Project("{FAE04EC0-301F-11D3-BF4B-00C04F79EFBC}") = "linearreg", "linearreg\linearreg.csproj", "{1C36050E-1964-4872-A4C6-2B0C3A77DA64}"
EndProject
Global
	GlobalSection(SolutionConfigurationPlatforms) = preSolution
		Debug|Any CPU = Debug|Any CPU
		Release|Any CPU = Release|Any CPU
	EndGlobalSection
	GlobalSection(ProjectConfigurationPlatforms) = postSolution
		{1C36050E-1964-4872-A4C6-2B0C3A77DA64}.Debug|Any CPU.ActiveCfg = Debug|Any CPU
		{1C36050E-1964-4872-A4C6-2B0C3A77DA64}.Debug|Any CPU.Build.0 = Debug|Any CPU
		{1C36050E-1964-4872-A4C6-2B0C3A77DA64}.Release|Any CPU.ActiveCfg = Release|Any CPU
		{1C36050E-1964-4872-A4C6-2B0C3A77DA64}.Release|Any CPU.Build.0 = Release|Any CPU
	EndGlobalSection
	GlobalSection(SolutionProperties) = preSolution
		HideSolutionNode = FALSE
	EndGlobalSection
	GlobalSection(ExtensibilityGlobals) = postSolution
		SolutionGuid = {877B014E-5011-4F16-A519-D41D76605EED}
	EndGlobalSection
EndGlobal
