
Microsoft Visual Studio Solution File, Format Version 12.00
# Visual Studio 15
VisualStudioVersion = 15.0.27130.2027
MinimumVisualStudioVersion = 10.0.40219.1
Project("{FAE04EC0-301F-11D3-BF4B-00C04F79EFBC}") = "Apriori-algo", "ConsoleApp13\Apriori-algo.csproj", "{C84A9634-1A17-4AED-952F-44A27E5F2D7A}"
EndProject
Project("{9A19103F-16F7-4668-BE54-9A1E7A4F7556}") = "knn algorithm", "..\..\..\Downloads\knn-algorithm-master\knn algorithm\knn algorithm.csproj", "{2EFBBAC4-3DB9-470F-A341-2C33CAF114F7}"
EndProject
Project("{FAE04EC0-301F-11D3-BF4B-00C04F79EFBC}") = "linearreg", "..\..\..\Downloads\linearreg-master\linearreg\linearreg.csproj", "{1C36050E-1964-4872-A4C6-2B0C3A77DA64}"
EndProject
Global
	GlobalSection(SolutionConfigurationPlatforms) = preSolution
		Debug|Any CPU = Debug|Any CPU
		Release|Any CPU = Release|Any CPU
	EndGlobalSection
	GlobalSection(ProjectConfigurationPlatforms) = postSolution
		{C84A9634-1A17-4AED-952F-44A27E5F2D7A}.Debug|Any CPU.ActiveCfg = Debug|Any CPU
		{C84A9634-1A17-4AED-952F-44A27E5F2D7A}.Debug|Any CPU.Build.0 = Debug|Any CPU
		{C84A9634-1A17-4AED-952F-44A27E5F2D7A}.Release|Any CPU.ActiveCfg = Release|Any CPU
		{C84A9634-1A17-4AED-952F-44A27E5F2D7A}.Release|Any CPU.Build.0 = Release|Any CPU
		{2EFBBAC4-3DB9-470F-A341-2C33CAF114F7}.Debug|Any CPU.ActiveCfg = Debug|Any CPU
		{2EFBBAC4-3DB9-470F-A341-2C33CAF114F7}.Debug|Any CPU.Build.0 = Debug|Any CPU
		{2EFBBAC4-3DB9-470F-A341-2C33CAF114F7}.Release|Any CPU.ActiveCfg = Release|Any CPU
		{2EFBBAC4-3DB9-470F-A341-2C33CAF114F7}.Release|Any CPU.Build.0 = Release|Any CPU
		{1C36050E-1964-4872-A4C6-2B0C3A77DA64}.Debug|Any CPU.ActiveCfg = Debug|Any CPU
		{1C36050E-1964-4872-A4C6-2B0C3A77DA64}.Debug|Any CPU.Build.0 = Debug|Any CPU
		{1C36050E-1964-4872-A4C6-2B0C3A77DA64}.Release|Any CPU.ActiveCfg = Release|Any CPU
		{1C36050E-1964-4872-A4C6-2B0C3A77DA64}.Release|Any CPU.Build.0 = Release|Any CPU
	EndGlobalSection
	GlobalSection(SolutionProperties) = preSolution
		HideSolutionNode = FALSE
	EndGlobalSection
	GlobalSection(ExtensibilityGlobals) = postSolution
		SolutionGuid = {33FC2967-7C2A-4E57-A9B4-388A0B3A1E3B}
	EndGlobalSection
EndGlobal
